
Microsoft Visual Studio Solution File, Format Version 12.00
# Visual Studio Version 17
VisualStudioVersion = 17.7.34024.191
MinimumVisualStudioVersion = 10.0.40219.1
Project("{FAE04EC0-301F-11D3-BF4B-00C04F79EFBC}") = "WpfApp6", "WpfApp6.csproj", "{2123A7C9-08D2-4572-AC65-4F89CB6DBEA2}"
EndProject
Global
	GlobalSection(SolutionConfigurationPlatforms) = preSolution
		Debug|Any CPU = Debug|Any CPU
		Release|Any CPU = Release|Any CPU
	EndGlobalSection
	GlobalSection(ProjectConfigurationPlatforms) = postSolution
		{2123A7C9-08D2-4572-AC65-4F89CB6DBEA2}.Debug|Any CPU.ActiveCfg = Debug|Any CPU
		{2123A7C9-08D2-4572-AC65-4F89CB6DBEA2}.Debug|Any CPU.Build.0 = Debug|Any CPU
		{2123A7C9-08D2-4572-AC65-4F89CB6DBEA2}.Release|Any CPU.ActiveCfg = Release|Any CPU
		{2123A7C9-08D2-4572-AC65-4F89CB6DBEA2}.Release|Any CPU.Build.0 = Release|Any CPU
	EndGlobalSection
	GlobalSection(SolutionProperties) = preSolution
		HideSolutionNode = FALSE
	EndGlobalSection
	GlobalSection(ExtensibilityGlobals) = postSolution
		SolutionGuid = {E77A75A0-4CDB-4750-982E-DFD526822DB6}
	EndGlobalSection
EndGlobal
